
Microsoft Visual Studio Solution File, Format Version 12.00
# Visual Studio Version 17
VisualStudioVersion = 17.8.34309.116
MinimumVisualStudioVersion = 10.0.40219.1
Project("{9A19103F-16F7-4668-BE54-9A1E7A4F7556}") = "BeamServer", "BeamServer.csproj", "{37A7F987-E85A-4F15-93B7-8835CC74A320}"
EndProject
Project("{FAE04EC0-301F-11D3-BF4B-00C04F79EFBC}") = "BeamTest", "..\BeamTest\BeamTest.csproj", "{D47E5870-FAAA-43F1-8B3C-3C904C9D6FE7}"
EndProject
Global
	GlobalSection(SolutionConfigurationPlatforms) = preSolution
		Debug|Any CPU = Debug|Any CPU
		Release|Any CPU = Release|Any CPU
	EndGlobalSection
	GlobalSection(ProjectConfigurationPlatforms) = postSolution
		{37A7F987-E85A-4F15-93B7-8835CC74A320}.Debug|Any CPU.ActiveCfg = Debug|Any CPU
		{37A7F987-E85A-4F15-93B7-8835CC74A320}.Debug|Any CPU.Build.0 = Debug|Any CPU
		{37A7F987-E85A-4F15-93B7-8835CC74A320}.Release|Any CPU.ActiveCfg = Release|Any CPU
		{37A7F987-E85A-4F15-93B7-8835CC74A320}.Release|Any CPU.Build.0 = Release|Any CPU
		{D47E5870-FAAA-43F1-8B3C-3C904C9D6FE7}.Debug|Any CPU.ActiveCfg = Debug|Any CPU
		{D47E5870-FAAA-43F1-8B3C-3C904C9D6FE7}.Debug|Any CPU.Build.0 = Debug|Any CPU
		{D47E5870-FAAA-43F1-8B3C-3C904C9D6FE7}.Release|Any CPU.ActiveCfg = Release|Any CPU
		{D47E5870-FAAA-43F1-8B3C-3C904C9D6FE7}.Release|Any CPU.Build.0 = Release|Any CPU
	EndGlobalSection
	GlobalSection(SolutionProperties) = preSolution
		HideSolutionNode = FALSE
	EndGlobalSection
	GlobalSection(ExtensibilityGlobals) = postSolution
		SolutionGuid = {17A45803-C210-478E-BE43-0EF921988D78}
	EndGlobalSection
EndGlobal
